
Microsoft Visual Studio Solution File, Format Version 12.00
# Visual Studio Version 17
VisualStudioVersion = 17.10.34916.146
MinimumVisualStudioVersion = 10.0.40219.1
Project("{FAE04EC0-301F-11D3-BF4B-00C04F79EFBC}") = "Notes", "Notes.csproj", "{A3AF8882-383D-4734-AD13-5B0968343653}"
EndProject
Global
	GlobalSection(SolutionConfigurationPlatforms) = preSolution
		Debug|Any CPU = Debug|Any CPU
		Release|Any CPU = Release|Any CPU
	EndGlobalSection
	GlobalSection(ProjectConfigurationPlatforms) = postSolution
		{A3AF8882-383D-4734-AD13-5B0968343653}.Debug|Any CPU.ActiveCfg = Debug|Any CPU
		{A3AF8882-383D-4734-AD13-5B0968343653}.Debug|Any CPU.Build.0 = Debug|Any CPU
		{A3AF8882-383D-4734-AD13-5B0968343653}.Debug|Any CPU.Deploy.0 = Debug|Any CPU
		{A3AF8882-383D-4734-AD13-5B0968343653}.Release|Any CPU.ActiveCfg = Release|Any CPU
		{A3AF8882-383D-4734-AD13-5B0968343653}.Release|Any CPU.Build.0 = Release|Any CPU
		{A3AF8882-383D-4734-AD13-5B0968343653}.Release|Any CPU.Deploy.0 = Release|Any CPU
	EndGlobalSection
	GlobalSection(SolutionProperties) = preSolution
		HideSolutionNode = FALSE
	EndGlobalSection
	GlobalSection(ExtensibilityGlobals) = postSolution
		SolutionGuid = {01D70C55-F99E-46A6-B7A6-EBF2C3E23803}
	EndGlobalSection
EndGlobal
